{
  "name": "nodetcl",
  "version": "1.0.0",
  "lockfileVersion": 3,
  "requires": true,
  "packages": {
    "": {
      "name": "nodetcl",
      "version": "1.0.0",
      "engines": [
        "node"
      ],
      "hasInstallScript": true,
      "dependencies": {
        "node-waf": "^10.1.0"
      }
    },
    "node_modules/node-waf": {
      "version": "10.1.0",
      "resolved": "https://registry.npmjs.org/node-waf/-/node-waf-10.1.0.tgz",
      "integrity": "sha512-Bx8TmYhr7+kws3eZDPBSLkNdeW2QfEFi57lAaA2N0xye1rbuRdR3PZ6tPolQU/MRfDi2DmDEkkXksSc9yP6Omg==",
      "license": "UNLICENSED",
      "bin": {
        "node-waf": "wrapper.sh"
      }
    }
  }
}
