{
  "name": "nodetcl",
  "version": "1.0.0",
  "lockfileVersion": 3,
  "requires": true,
  "packages": {
    "": {
      "name": "nodetcl",
      "version": "1.0.0",
      "engines": [
        "node"
      ],
      "hasInstallScript": true,
      "dependencies": {
        "node-waf": "^10.1.1"
      }
    },
    "node_modules/node-waf": {
      "version": "10.1.1",
      "resolved": "https://registry.npmjs.org/node-waf/-/node-waf-10.1.1.tgz",
      "integrity": "sha512-aqCvdC37nYagzS84ptc1eeWIud/+gww31x4WUDfmOq8UPkzjhcEykODF/WynPMS2Zc9QgdhDvSW/zjS0R6zP2g==",
      "bin": {
        "node-waf": "wrapper.sh"
      }
    }
  }
}
